// !$*UTF8*$!
{
	archiveVersion = 1;
	classes = {
	};
	objectVersion = 46;
	objects = {

/* Begin PBXBuildFile section */
		C317701116366C76006A0F8B /* UIKit.framework in Frameworks */ = {isa = PBXBuildFile; fileRef = C317701016366C76006A0F8B /* UIKit.framework */; };
		C317701316366C76006A0F8B /* Foundation.framework in Frameworks */ = {isa = PBXBuildFile; fileRef = C317701216366C76006A0F8B /* Foundation.framework */; };
		C317701516366C76006A0F8B /* CoreGraphics.framework in Frameworks */ = {isa = PBXBuildFile; fileRef = C317701416366C76006A0F8B /* CoreGraphics.framework */; };
		C317701B16366C76006A0F8B /* InfoPlist.strings in Resources */ = {isa = PBXBuildFile; fileRef = C317701916366C76006A0F8B /* InfoPlist.strings */; };
		C317701D16366C76006A0F8B /* main.m in Sources */ = {isa = PBXBuildFile; fileRef = C317701C16366C76006A0F8B /* main.m */; };
		C317702116366C76006A0F8B /* AppDelegate.m in Sources */ = {isa = PBXBuildFile; fileRef = C317702016366C76006A0F8B /* AppDelegate.m */; };
		C317702316366C76006A0F8B /* Default.png in Resources */ = {isa = PBXBuildFile; fileRef = C317702216366C76006A0F8B /* Default.png */; };
		C317702516366C76006A0F8B /* Default@2x.png in Resources */ = {isa = PBXBuildFile; fileRef = C317702416366C76006A0F8B /* Default@2x.png */; };
		C317702716366C76006A0F8B /* Default-568h@2x.png in Resources */ = {isa = PBXBuildFile; fileRef = C317702616366C76006A0F8B /* Default-568h@2x.png */; };
		C317702F16366C76006A0F8B /* SenTestingKit.framework in Frameworks */ = {isa = PBXBuildFile; fileRef = C317702E16366C76006A0F8B /* SenTestingKit.framework */; };
		C317703016366C76006A0F8B /* UIKit.framework in Frameworks */ = {isa = PBXBuildFile; fileRef = C317701016366C76006A0F8B /* UIKit.framework */; };
		C317703116366C76006A0F8B /* Foundation.framework in Frameworks */ = {isa = PBXBuildFile; fileRef = C317701216366C76006A0F8B /* Foundation.framework */; };
		C317703916366C76006A0F8B /* InfoPlist.strings in Resources */ = {isa = PBXBuildFile; fileRef = C317703716366C76006A0F8B /* InfoPlist.strings */; };
		C317703C16366C76006A0F8B /* WunderlistTests.m in Sources */ = {isa = PBXBuildFile; fileRef = C317703B16366C76006A0F8B /* WunderlistTests.m */; };
		C317705016367093006A0F8B /* Wunderlist.xcdatamodeld in Sources */ = {isa = PBXBuildFile; fileRef = C317704E16367093006A0F8B /* Wunderlist.xcdatamodeld */; };
		C317705B16367D74006A0F8B /* WunderlistCoreData.m in Sources */ = {isa = PBXBuildFile; fileRef = C317705A16367D74006A0F8B /* WunderlistCoreData.m */; };
		C317705D16368765006A0F8B /* CoreData.framework in Frameworks */ = {isa = PBXBuildFile; fileRef = C317705C16368765006A0F8B /* CoreData.framework */; };
		C3177061163687EC006A0F8B /* UserManager.m in Sources */ = {isa = PBXBuildFile; fileRef = C3177060163687EC006A0F8B /* UserManager.m */; };
		C33261AD164FF3C100A718C3 /* ToDo.m in Sources */ = {isa = PBXBuildFile; fileRef = C33261AC164FF3C100A718C3 /* ToDo.m */; };
		C3A55FD5165D3EFC00C58905 /* DetailTableViewCell.m in Sources */ = {isa = PBXBuildFile; fileRef = C3A55FBE165D3EFC00C58905 /* DetailTableViewCell.m */; };
		C3A55FD6165D3EFC00C58905 /* DetailTableViewController.m in Sources */ = {isa = PBXBuildFile; fileRef = C3A55FC0165D3EFC00C58905 /* DetailTableViewController.m */; };
		C3A55FD7165D3EFC00C58905 /* DueDateTableViewController.m in Sources */ = {isa = PBXBuildFile; fileRef = C3A55FC3165D3EFC00C58905 /* DueDateTableViewController.m */; };
		C3A55FD8165D3EFC00C58905 /* EditTextTableViewController.m in Sources */ = {isa = PBXBuildFile; fileRef = C3A55FC6165D3EFC00C58905 /* EditTextTableViewController.m */; };
		C3A55FD9165D3EFC00C58905 /* ListTableViewCell.m in Sources */ = {isa = PBXBuildFile; fileRef = C3A55FC9165D3EFC00C58905 /* ListTableViewCell.m */; };
		C3A55FDA165D3EFC00C58905 /* ListTableViewController.m in Sources */ = {isa = PBXBuildFile; fileRef = C3A55FCB165D3EFC00C58905 /* ListTableViewController.m */; };
		C3A55FDB165D3EFC00C58905 /* ListsTableViewCell.m in Sources */ = {isa = PBXBuildFile; fileRef = C3A55FCE165D3EFC00C58905 /* ListsTableViewCell.m */; };
		C3A55FDC165D3EFC00C58905 /* ListsTableViewController.m in Sources */ = {isa = PBXBuildFile; fileRef = C3A55FD0165D3EFC00C58905 /* ListsTableViewController.m */; };
		C3A55FDD165D3EFC00C58905 /* SettingsTableViewController.m in Sources */ = {isa = PBXBuildFile; fileRef = C3A55FD3165D3EFC00C58905 /* SettingsTableViewController.m */; };
		C3C3165A163EC5B4005F4572 /* ToDoManager.m in Sources */ = {isa = PBXBuildFile; fileRef = C3C31659163EC5B4005F4572 /* ToDoManager.m */; };
		C3CF3FF71653DF3700D998B8 /* User.m in Sources */ = {isa = PBXBuildFile; fileRef = C3CF3FF61653DF3700D998B8 /* User.m */; };
		C3CF400D1653E48000D998B8 /* BaseTableViewController.m in Sources */ = {isa = PBXBuildFile; fileRef = C3CF400C1653E48000D998B8 /* BaseTableViewController.m */; };
		C3CF40101653E4AB00D998B8 /* BaseNavigationController.m in Sources */ = {isa = PBXBuildFile; fileRef = C3CF400F1653E4AB00D998B8 /* BaseNavigationController.m */; };
		C3CF40131653E4C600D998B8 /* SpinnerView.m in Sources */ = {isa = PBXBuildFile; fileRef = C3CF40121653E4C600D998B8 /* SpinnerView.m */; };
		C3CF40161653E4E400D998B8 /* LoginViewController.m in Sources */ = {isa = PBXBuildFile; fileRef = C3CF40151653E4E400D998B8 /* LoginViewController.m */; };
		C3CF401A1653E5CC00D998B8 /* TabBarViewController.m in Sources */ = {isa = PBXBuildFile; fileRef = C3CF40191653E5CC00D998B8 /* TabBarViewController.m */; };
/* End PBXBuildFile section */

/* Begin PBXContainerItemProxy section */
		C317703216366C76006A0F8B /* PBXContainerItemProxy */ = {
			isa = PBXContainerItemProxy;
			containerPortal = C317700316366C76006A0F8B /* Project object */;
			proxyType = 1;
			remoteGlobalIDString = C317700B16366C76006A0F8B;
			remoteInfo = Wunderlist;
		};
/* End PBXContainerItemProxy section */

/* Begin PBXFileReference section */
		C317700C16366C76006A0F8B /* Wunderlist.app */ = {isa = PBXFileReference; explicitFileType = wrapper.application; includeInIndex = 0; path = Wunderlist.app; sourceTree = BUILT_PRODUCTS_DIR; };
		C317701016366C76006A0F8B /* UIKit.framework */ = {isa = PBXFileReference; lastKnownFileType = wrapper.framework; name = UIKit.framework; path = System/Library/Frameworks/UIKit.framework; sourceTree = SDKROOT; };
		C317701216366C76006A0F8B /* Foundation.framework */ = {isa = PBXFileReference; lastKnownFileType = wrapper.framework; name = Foundation.framework; path = System/Library/Frameworks/Foundation.framework; sourceTree = SDKROOT; };
		C317701416366C76006A0F8B /* CoreGraphics.framework */ = {isa = PBXFileReference; lastKnownFileType = wrapper.framework; name = CoreGraphics.framework; path = System/Library/Frameworks/CoreGraphics.framework; sourceTree = SDKROOT; };
		C317701816366C76006A0F8B /* Wunderlist-Info.plist */ = {isa = PBXFileReference; lastKnownFileType = text.plist.xml; path = "Wunderlist-Info.plist"; sourceTree = "<group>"; };
		C317701A16366C76006A0F8B /* en */ = {isa = PBXFileReference; lastKnownFileType = text.plist.strings; name = en; path = en.lproj/InfoPlist.strings; sourceTree = "<group>"; };
		C317701C16366C76006A0F8B /* main.m */ = {isa = PBXFileReference; lastKnownFileType = sourcecode.c.objc; path = main.m; sourceTree = "<group>"; };
		C317701E16366C76006A0F8B /* Wunderlist-Prefix.pch */ = {isa = PBXFileReference; lastKnownFileType = sourcecode.c.h; path = "Wunderlist-Prefix.pch"; sourceTree = "<group>"; };
		C317701F16366C76006A0F8B /* AppDelegate.h */ = {isa = PBXFileReference; lastKnownFileType = sourcecode.c.h; path = AppDelegate.h; sourceTree = "<group>"; };
		C317702016366C76006A0F8B /* AppDelegate.m */ = {isa = PBXFileReference; lastKnownFileType = sourcecode.c.objc; path = AppDelegate.m; sourceTree = "<group>"; };
		C317702216366C76006A0F8B /* Default.png */ = {isa = PBXFileReference; lastKnownFileType = image.png; path = Default.png; sourceTree = "<group>"; };
		C317702416366C76006A0F8B /* Default@2x.png */ = {isa = PBXFileReference; lastKnownFileType = image.png; path = "Default@2x.png"; sourceTree = "<group>"; };
		C317702616366C76006A0F8B /* Default-568h@2x.png */ = {isa = PBXFileReference; lastKnownFileType = image.png; path = "Default-568h@2x.png"; sourceTree = "<group>"; };
		C317702D16366C76006A0F8B /* WunderlistTests.octest */ = {isa = PBXFileReference; explicitFileType = wrapper.cfbundle; includeInIndex = 0; path = WunderlistTests.octest; sourceTree = BUILT_PRODUCTS_DIR; };
		C317702E16366C76006A0F8B /* SenTestingKit.framework */ = {isa = PBXFileReference; lastKnownFileType = wrapper.framework; name = SenTestingKit.framework; path = Library/Frameworks/SenTestingKit.framework; sourceTree = DEVELOPER_DIR; };
		C317703616366C76006A0F8B /* WunderlistTests-Info.plist */ = {isa = PBXFileReference; lastKnownFileType = text.plist.xml; path = "WunderlistTests-Info.plist"; sourceTree = "<group>"; };
		C317703816366C76006A0F8B /* en */ = {isa = PBXFileReference; lastKnownFileType = text.plist.strings; name = en; path = en.lproj/InfoPlist.strings; sourceTree = "<group>"; };
		C317703A16366C76006A0F8B /* WunderlistTests.h */ = {isa = PBXFileReference; lastKnownFileType = sourcecode.c.h; path = WunderlistTests.h; sourceTree = "<group>"; };
		C317703B16366C76006A0F8B /* WunderlistTests.m */ = {isa = PBXFileReference; lastKnownFileType = sourcecode.c.objc; path = WunderlistTests.m; sourceTree = "<group>"; };
		C317704F16367093006A0F8B /* Wunderlist.xcdatamodel */ = {isa = PBXFileReference; lastKnownFileType = wrapper.xcdatamodel; path = Wunderlist.xcdatamodel; sourceTree = "<group>"; };
		C317705916367D74006A0F8B /* WunderlistCoreData.h */ = {isa = PBXFileReference; fileEncoding = 4; lastKnownFileType = sourcecode.c.h; name = WunderlistCoreData.h; path = Model/CoreData/WunderlistCoreData.h; sourceTree = "<group>"; };
		C317705A16367D74006A0F8B /* WunderlistCoreData.m */ = {isa = PBXFileReference; fileEncoding = 4; lastKnownFileType = sourcecode.c.objc; name = WunderlistCoreData.m; path = Model/CoreData/WunderlistCoreData.m; sourceTree = "<group>"; };
		C317705C16368765006A0F8B /* CoreData.framework */ = {isa = PBXFileReference; lastKnownFileType = wrapper.framework; name = CoreData.framework; path = System/Library/Frameworks/CoreData.framework; sourceTree = SDKROOT; };
		C317705F163687EC006A0F8B /* UserManager.h */ = {isa = PBXFileReference; fileEncoding = 4; lastKnownFileType = sourcecode.c.h; name = UserManager.h; path = Model/User/UserManager.h; sourceTree = "<group>"; };
		C3177060163687EC006A0F8B /* UserManager.m */ = {isa = PBXFileReference; fileEncoding = 4; lastKnownFileType = sourcecode.c.objc; name = UserManager.m; path = Model/User/UserManager.m; sourceTree = "<group>"; };
		C33261AB164FF3C100A718C3 /* ToDo.h */ = {isa = PBXFileReference; fileEncoding = 4; lastKnownFileType = sourcecode.c.h; name = ToDo.h; path = Model/ToDo/ToDo.h; sourceTree = "<group>"; };
		C33261AC164FF3C100A718C3 /* ToDo.m */ = {isa = PBXFileReference; fileEncoding = 4; lastKnownFileType = sourcecode.c.objc; name = ToDo.m; path = Model/ToDo/ToDo.m; sourceTree = "<group>"; };
		C3A55FBD165D3EFC00C58905 /* DetailTableViewCell.h */ = {isa = PBXFileReference; fileEncoding = 4; lastKnownFileType = sourcecode.c.h; path = DetailTableViewCell.h; sourceTree = "<group>"; };
		C3A55FBE165D3EFC00C58905 /* DetailTableViewCell.m */ = {isa = PBXFileReference; fileEncoding = 4; lastKnownFileType = sourcecode.c.objc; path = DetailTableViewCell.m; sourceTree = "<group>"; };
		C3A55FBF165D3EFC00C58905 /* DetailTableViewController.h */ = {isa = PBXFileReference; fileEncoding = 4; lastKnownFileType = sourcecode.c.h; path = DetailTableViewController.h; sourceTree = "<group>"; };
		C3A55FC0165D3EFC00C58905 /* DetailTableViewController.m */ = {isa = PBXFileReference; fileEncoding = 4; lastKnownFileType = sourcecode.c.objc; path = DetailTableViewController.m; sourceTree = "<group>"; };
		C3A55FC2165D3EFC00C58905 /* DueDateTableViewController.h */ = {isa = PBXFileReference; fileEncoding = 4; lastKnownFileType = sourcecode.c.h; path = DueDateTableViewController.h; sourceTree = "<group>"; };
		C3A55FC3165D3EFC00C58905 /* DueDateTableViewController.m */ = {isa = PBXFileReference; fileEncoding = 4; lastKnownFileType = sourcecode.c.objc; path = DueDateTableViewController.m; sourceTree = "<group>"; };
		C3A55FC5165D3EFC00C58905 /* EditTextTableViewController.h */ = {isa = PBXFileReference; fileEncoding = 4; lastKnownFileType = sourcecode.c.h; path = EditTextTableViewController.h; sourceTree = "<group>"; };
		C3A55FC6165D3EFC00C58905 /* EditTextTableViewController.m */ = {isa = PBXFileReference; fileEncoding = 4; lastKnownFileType = sourcecode.c.objc; path = EditTextTableViewController.m; sourceTree = "<group>"; };
		C3A55FC8165D3EFC00C58905 /* ListTableViewCell.h */ = {isa = PBXFileReference; fileEncoding = 4; lastKnownFileType = sourcecode.c.h; path = ListTableViewCell.h; sourceTree = "<group>"; };
		C3A55FC9165D3EFC00C58905 /* ListTableViewCell.m */ = {isa = PBXFileReference; fileEncoding = 4; lastKnownFileType = sourcecode.c.objc; path = ListTableViewCell.m; sourceTree = "<group>"; };
		C3A55FCA165D3EFC00C58905 /* ListTableViewController.h */ = {isa = PBXFileReference; fileEncoding = 4; lastKnownFileType = sourcecode.c.h; path = ListTableViewController.h; sourceTree = "<group>"; };
		C3A55FCB165D3EFC00C58905 /* ListTableViewController.m */ = {isa = PBXFileReference; fileEncoding = 4; lastKnownFileType = sourcecode.c.objc; path = ListTableViewController.m; sourceTree = "<group>"; };
		C3A55FCD165D3EFC00C58905 /* ListsTableViewCell.h */ = {isa = PBXFileReference; fileEncoding = 4; lastKnownFileType = sourcecode.c.h; path = ListsTableViewCell.h; sourceTree = "<group>"; };
		C3A55FCE165D3EFC00C58905 /* ListsTableViewCell.m */ = {isa = PBXFileReference; fileEncoding = 4; lastKnownFileType = sourcecode.c.objc; path = ListsTableViewCell.m; sourceTree = "<group>"; };
		C3A55FCF165D3EFC00C58905 /* ListsTableViewController.h */ = {isa = PBXFileReference; fileEncoding = 4; lastKnownFileType = sourcecode.c.h; path = ListsTableViewController.h; sourceTree = "<group>"; };
		C3A55FD0165D3EFC00C58905 /* ListsTableViewController.m */ = {isa = PBXFileReference; fileEncoding = 4; lastKnownFileType = sourcecode.c.objc; path = ListsTableViewController.m; sourceTree = "<group>"; };
		C3A55FD2165D3EFC00C58905 /* SettingsTableViewController.h */ = {isa = PBXFileReference; fileEncoding = 4; lastKnownFileType = sourcecode.c.h; path = SettingsTableViewController.h; sourceTree = "<group>"; };
		C3A55FD3165D3EFC00C58905 /* SettingsTableViewController.m */ = {isa = PBXFileReference; fileEncoding = 4; lastKnownFileType = sourcecode.c.objc; path = SettingsTableViewController.m; sourceTree = "<group>"; };
		C3C31658163EC5B4005F4572 /* ToDoManager.h */ = {isa = PBXFileReference; fileEncoding = 4; lastKnownFileType = sourcecode.c.h; name = ToDoManager.h; path = Model/ToDo/ToDoManager.h; sourceTree = "<group>"; };
		C3C31659163EC5B4005F4572 /* ToDoManager.m */ = {isa = PBXFileReference; fileEncoding = 4; lastKnownFileType = sourcecode.c.objc; name = ToDoManager.m; path = Model/ToDo/ToDoManager.m; sourceTree = "<group>"; };
		C3CF3FF51653DF3700D998B8 /* User.h */ = {isa = PBXFileReference; fileEncoding = 4; lastKnownFileType = sourcecode.c.h; name = User.h; path = Model/User/User.h; sourceTree = "<group>"; };
		C3CF3FF61653DF3700D998B8 /* User.m */ = {isa = PBXFileReference; fileEncoding = 4; lastKnownFileType = sourcecode.c.objc; name = User.m; path = Model/User/User.m; sourceTree = "<group>"; };
		C3CF400B1653E48000D998B8 /* BaseTableViewController.h */ = {isa = PBXFileReference; fileEncoding = 4; lastKnownFileType = sourcecode.c.h; name = BaseTableViewController.h; path = Common/BaseTableViewController.h; sourceTree = "<group>"; };
		C3CF400C1653E48000D998B8 /* BaseTableViewController.m */ = {isa = PBXFileReference; fileEncoding = 4; lastKnownFileType = sourcecode.c.objc; name = BaseTableViewController.m; path = Common/BaseTableViewController.m; sourceTree = "<group>"; };
		C3CF400E1653E4AB00D998B8 /* BaseNavigationController.h */ = {isa = PBXFileReference; fileEncoding = 4; lastKnownFileType = sourcecode.c.h; name = BaseNavigationController.h; path = Common/BaseNavigationController.h; sourceTree = "<group>"; };
		C3CF400F1653E4AB00D998B8 /* BaseNavigationController.m */ = {isa = PBXFileReference; fileEncoding = 4; lastKnownFileType = sourcecode.c.objc; name = BaseNavigationController.m; path = Common/BaseNavigationController.m; sourceTree = "<group>"; };
		C3CF40111653E4C600D998B8 /* SpinnerView.h */ = {isa = PBXFileReference; fileEncoding = 4; lastKnownFileType = sourcecode.c.h; name = SpinnerView.h; path = Common/SpinnerView.h; sourceTree = "<group>"; };
		C3CF40121653E4C600D998B8 /* SpinnerView.m */ = {isa = PBXFileReference; fileEncoding = 4; lastKnownFileType = sourcecode.c.objc; name = SpinnerView.m; path = Common/SpinnerView.m; sourceTree = "<group>"; };
		C3CF40141653E4E400D998B8 /* LoginViewController.h */ = {isa = PBXFileReference; fileEncoding = 4; lastKnownFileType = sourcecode.c.h; name = LoginViewController.h; path = Login/LoginViewController.h; sourceTree = "<group>"; };
		C3CF40151653E4E400D998B8 /* LoginViewController.m */ = {isa = PBXFileReference; fileEncoding = 4; lastKnownFileType = sourcecode.c.objc; name = LoginViewController.m; path = Login/LoginViewController.m; sourceTree = "<group>"; };
		C3CF40181653E5CC00D998B8 /* TabBarViewController.h */ = {isa = PBXFileReference; fileEncoding = 4; lastKnownFileType = sourcecode.c.h; name = TabBarViewController.h; path = TabBar/TabBarViewController.h; sourceTree = "<group>"; };
		C3CF40191653E5CC00D998B8 /* TabBarViewController.m */ = {isa = PBXFileReference; fileEncoding = 4; lastKnownFileType = sourcecode.c.objc; name = TabBarViewController.m; path = TabBar/TabBarViewController.m; sourceTree = "<group>"; };
/* End PBXFileReference section */

/* Begin PBXFrameworksBuildPhase section */
		C317700916366C76006A0F8B /* Frameworks */ = {
			isa = PBXFrameworksBuildPhase;
			buildActionMask = 2147483647;
			files = (
				C317705D16368765006A0F8B /* CoreData.framework in Frameworks */,
				C317701116366C76006A0F8B /* UIKit.framework in Frameworks */,
				C317701316366C76006A0F8B /* Foundation.framework in Frameworks */,
				C317701516366C76006A0F8B /* CoreGraphics.framework in Frameworks */,
			);
			runOnlyForDeploymentPostprocessing = 0;
		};
		C317702916366C76006A0F8B /* Frameworks */ = {
			isa = PBXFrameworksBuildPhase;
			buildActionMask = 2147483647;
			files = (
				C317702F16366C76006A0F8B /* SenTestingKit.framework in Frameworks */,
				C317703016366C76006A0F8B /* UIKit.framework in Frameworks */,
				C317703116366C76006A0F8B /* Foundation.framework in Frameworks */,
			);
			runOnlyForDeploymentPostprocessing = 0;
		};
/* End PBXFrameworksBuildPhase section */

/* Begin PBXGroup section */
		C317700116366C76006A0F8B = {
			isa = PBXGroup;
			children = (
				C317701616366C76006A0F8B /* Wunderlist */,
				C317703416366C76006A0F8B /* WunderlistTests */,
				C317700F16366C76006A0F8B /* Frameworks */,
				C317700D16366C76006A0F8B /* Products */,
			);
			sourceTree = "<group>";
		};
		C317700D16366C76006A0F8B /* Products */ = {
			isa = PBXGroup;
			children = (
				C317700C16366C76006A0F8B /* Wunderlist.app */,
				C317702D16366C76006A0F8B /* WunderlistTests.octest */,
			);
			name = Products;
			sourceTree = "<group>";
		};
		C317700F16366C76006A0F8B /* Frameworks */ = {
			isa = PBXGroup;
			children = (
				C317705C16368765006A0F8B /* CoreData.framework */,
				C317701016366C76006A0F8B /* UIKit.framework */,
				C317701216366C76006A0F8B /* Foundation.framework */,
				C317701416366C76006A0F8B /* CoreGraphics.framework */,
				C317702E16366C76006A0F8B /* SenTestingKit.framework */,
			);
			name = Frameworks;
			sourceTree = "<group>";
		};
		C317701616366C76006A0F8B /* Wunderlist */ = {
			isa = PBXGroup;
			children = (
				C3A55FBC165D3EFC00C58905 /* Detail */,
				C3A55FC1165D3EFC00C58905 /* DueDate */,
				C3A55FC4165D3EFC00C58905 /* EditText */,
				C3A55FC7165D3EFC00C58905 /* List */,
				C3A55FCC165D3EFC00C58905 /* Lists */,
				C3A55FD1165D3EFC00C58905 /* Settings */,
				C3A55FD4165D3EFC00C58905 /* Write */,
				C3CF40171653E5A300D998B8 /* TabBar */,
				C3CF3FFD1653E2E800D998B8 /* Common */,
				C3CF3FFC1653E2CA00D998B8 /* Login */,
				C317704D16367020006A0F8B /* Model */,
				C317701F16366C76006A0F8B /* AppDelegate.h */,
				C317702016366C76006A0F8B /* AppDelegate.m */,
				C317701716366C76006A0F8B /* Supporting Files */,
			);
			path = Wunderlist;
			sourceTree = "<group>";
		};
		C317701716366C76006A0F8B /* Supporting Files */ = {
			isa = PBXGroup;
			children = (
				C317701816366C76006A0F8B /* Wunderlist-Info.plist */,
				C317701916366C76006A0F8B /* InfoPlist.strings */,
				C317701C16366C76006A0F8B /* main.m */,
				C317701E16366C76006A0F8B /* Wunderlist-Prefix.pch */,
				C317702216366C76006A0F8B /* Default.png */,
				C317702416366C76006A0F8B /* Default@2x.png */,
				C317702616366C76006A0F8B /* Default-568h@2x.png */,
			);
			name = "Supporting Files";
			sourceTree = "<group>";
		};
		C317703416366C76006A0F8B /* WunderlistTests */ = {
			isa = PBXGroup;
			children = (
				C317703A16366C76006A0F8B /* WunderlistTests.h */,
				C317703B16366C76006A0F8B /* WunderlistTests.m */,
				C317703516366C76006A0F8B /* Supporting Files */,
			);
			path = WunderlistTests;
			sourceTree = "<group>";
		};
		C317703516366C76006A0F8B /* Supporting Files */ = {
			isa = PBXGroup;
			children = (
				C317703616366C76006A0F8B /* WunderlistTests-Info.plist */,
				C317703716366C76006A0F8B /* InfoPlist.strings */,
			);
			name = "Supporting Files";
			sourceTree = "<group>";
		};
		C317704D16367020006A0F8B /* Model */ = {
			isa = PBXGroup;
			children = (
				C3C31653163EC55F005F4572 /* ToDo */,
				C317705E16368799006A0F8B /* User */,
				C3177051163670B2006A0F8B /* CoreData */,
			);
			name = Model;
			sourceTree = "<group>";
		};
		C3177051163670B2006A0F8B /* CoreData */ = {
			isa = PBXGroup;
			children = (
				C317704E16367093006A0F8B /* Wunderlist.xcdatamodeld */,
				C317705916367D74006A0F8B /* WunderlistCoreData.h */,
				C317705A16367D74006A0F8B /* WunderlistCoreData.m */,
			);
			name = CoreData;
			sourceTree = "<group>";
		};
		C317705E16368799006A0F8B /* User */ = {
			isa = PBXGroup;
			children = (
				C3CF3FF51653DF3700D998B8 /* User.h */,
				C3CF3FF61653DF3700D998B8 /* User.m */,
				C317705F163687EC006A0F8B /* UserManager.h */,
				C3177060163687EC006A0F8B /* UserManager.m */,
			);
			name = User;
			sourceTree = "<group>";
		};
		C3A55FBC165D3EFC00C58905 /* Detail */ = {
			isa = PBXGroup;
			children = (
				C3A55FBD165D3EFC00C58905 /* DetailTableViewCell.h */,
				C3A55FBE165D3EFC00C58905 /* DetailTableViewCell.m */,
				C3A55FBF165D3EFC00C58905 /* DetailTableViewController.h */,
				C3A55FC0165D3EFC00C58905 /* DetailTableViewController.m */,
			);
			path = Detail;
			sourceTree = "<group>";
		};
		C3A55FC1165D3EFC00C58905 /* DueDate */ = {
			isa = PBXGroup;
			children = (
				C3A55FC2165D3EFC00C58905 /* DueDateTableViewController.h */,
				C3A55FC3165D3EFC00C58905 /* DueDateTableViewController.m */,
			);
			path = DueDate;
			sourceTree = "<group>";
		};
		C3A55FC4165D3EFC00C58905 /* EditText */ = {
			isa = PBXGroup;
			children = (
				C3A55FC5165D3EFC00C58905 /* EditTextTableViewController.h */,
				C3A55FC6165D3EFC00C58905 /* EditTextTableViewController.m */,
			);
			path = EditText;
			sourceTree = "<group>";
		};
		C3A55FC7165D3EFC00C58905 /* List */ = {
			isa = PBXGroup;
			children = (
				C3A55FC8165D3EFC00C58905 /* ListTableViewCell.h */,
				C3A55FC9165D3EFC00C58905 /* ListTableViewCell.m */,
				C3A55FCA165D3EFC00C58905 /* ListTableViewController.h */,
				C3A55FCB165D3EFC00C58905 /* ListTableViewController.m */,
			);
			path = List;
			sourceTree = "<group>";
		};
		C3A55FCC165D3EFC00C58905 /* Lists */ = {
			isa = PBXGroup;
			children = (
				C3A55FCD165D3EFC00C58905 /* ListsTableViewCell.h */,
				C3A55FCE165D3EFC00C58905 /* ListsTableViewCell.m */,
				C3A55FCF165D3EFC00C58905 /* ListsTableViewController.h */,
				C3A55FD0165D3EFC00C58905 /* ListsTableViewController.m */,
			);
			path = Lists;
			sourceTree = "<group>";
		};
		C3A55FD1165D3EFC00C58905 /* Settings */ = {
			isa = PBXGroup;
			children = (
				C3A55FD2165D3EFC00C58905 /* SettingsTableViewController.h */,
				C3A55FD3165D3EFC00C58905 /* SettingsTableViewController.m */,
			);
			path = Settings;
			sourceTree = "<group>";
		};
		C3A55FD4165D3EFC00C58905 /* Write */ = {
			isa = PBXGroup;
			children = (
			);
			path = Write;
			sourceTree = "<group>";
		};
		C3C31653163EC55F005F4572 /* ToDo */ = {
			isa = PBXGroup;
			children = (
				C33261AB164FF3C100A718C3 /* ToDo.h */,
				C33261AC164FF3C100A718C3 /* ToDo.m */,
				C3C31658163EC5B4005F4572 /* ToDoManager.h */,
				C3C31659163EC5B4005F4572 /* ToDoManager.m */,
			);
			name = ToDo;
			sourceTree = "<group>";
		};
		C3CF3FFC1653E2CA00D998B8 /* Login */ = {
			isa = PBXGroup;
			children = (
				C3CF40141653E4E400D998B8 /* LoginViewController.h */,
				C3CF40151653E4E400D998B8 /* LoginViewController.m */,
			);
			name = Login;
			sourceTree = "<group>";
		};
		C3CF3FFD1653E2E800D998B8 /* Common */ = {
			isa = PBXGroup;
			children = (
				C3CF400B1653E48000D998B8 /* BaseTableViewController.h */,
				C3CF400C1653E48000D998B8 /* BaseTableViewController.m */,
				C3CF400E1653E4AB00D998B8 /* BaseNavigationController.h */,
				C3CF400F1653E4AB00D998B8 /* BaseNavigationController.m */,
				C3CF40111653E4C600D998B8 /* SpinnerView.h */,
				C3CF40121653E4C600D998B8 /* SpinnerView.m */,
			);
			name = Common;
			sourceTree = "<group>";
		};
		C3CF40171653E5A300D998B8 /* TabBar */ = {
			isa = PBXGroup;
			children = (
				C3CF40181653E5CC00D998B8 /* TabBarViewController.h */,
				C3CF40191653E5CC00D998B8 /* TabBarViewController.m */,
			);
			name = TabBar;
			sourceTree = "<group>";
		};
/* End PBXGroup section */

/* Begin PBXNativeTarget section */
		C317700B16366C76006A0F8B /* Wunderlist */ = {
			isa = PBXNativeTarget;
			buildConfigurationList = C317703F16366C76006A0F8B /* Build configuration list for PBXNativeTarget "Wunderlist" */;
			buildPhases = (
				C317700816366C76006A0F8B /* Sources */,
				C317700916366C76006A0F8B /* Frameworks */,
				C317700A16366C76006A0F8B /* Resources */,
			);
			buildRules = (
			);
			dependencies = (
			);
			name = Wunderlist;
			productName = Wunderlist;
			productReference = C317700C16366C76006A0F8B /* Wunderlist.app */;
			productType = "com.apple.product-type.application";
		};
		C317702C16366C76006A0F8B /* WunderlistTests */ = {
			isa = PBXNativeTarget;
			buildConfigurationList = C317704216366C76006A0F8B /* Build configuration list for PBXNativeTarget "WunderlistTests" */;
			buildPhases = (
				C317702816366C76006A0F8B /* Sources */,
				C317702916366C76006A0F8B /* Frameworks */,
				C317702A16366C76006A0F8B /* Resources */,
				C317702B16366C76006A0F8B /* ShellScript */,
			);
			buildRules = (
			);
			dependencies = (
				C317703316366C76006A0F8B /* PBXTargetDependency */,
			);
			name = WunderlistTests;
			productName = WunderlistTests;
			productReference = C317702D16366C76006A0F8B /* WunderlistTests.octest */;
			productType = "com.apple.product-type.bundle";
		};
/* End PBXNativeTarget section */

/* Begin PBXProject section */
		C317700316366C76006A0F8B /* Project object */ = {
			isa = PBXProject;
			attributes = {
				LastUpgradeCheck = 0450;
				ORGANIZATIONNAME = "Chan Soon Park";
			};
			buildConfigurationList = C317700616366C76006A0F8B /* Build configuration list for PBXProject "Wunderlist" */;
			compatibilityVersion = "Xcode 3.2";
			developmentRegion = English;
			hasScannedForEncodings = 0;
			knownRegions = (
				en,
			);
			mainGroup = C317700116366C76006A0F8B;
			productRefGroup = C317700D16366C76006A0F8B /* Products */;
			projectDirPath = "";
			projectRoot = "";
			targets = (
				C317700B16366C76006A0F8B /* Wunderlist */,
				C317702C16366C76006A0F8B /* WunderlistTests */,
			);
		};
/* End PBXProject section */

/* Begin PBXResourcesBuildPhase section */
		C317700A16366C76006A0F8B /* Resources */ = {
			isa = PBXResourcesBuildPhase;
			buildActionMask = 2147483647;
			files = (
				C317701B16366C76006A0F8B /* InfoPlist.strings in Resources */,
				C317702316366C76006A0F8B /* Default.png in Resources */,
				C317702516366C76006A0F8B /* Default@2x.png in Resources */,
				C317702716366C76006A0F8B /* Default-568h@2x.png in Resources */,
			);
			runOnlyForDeploymentPostprocessing = 0;
		};
		C317702A16366C76006A0F8B /* Resources */ = {
			isa = PBXResourcesBuildPhase;
			buildActionMask = 2147483647;
			files = (
				C317703916366C76006A0F8B /* InfoPlist.strings in Resources */,
			);
			runOnlyForDeploymentPostprocessing = 0;
		};
/* End PBXResourcesBuildPhase section */

/* Begin PBXShellScriptBuildPhase section */
		C317702B16366C76006A0F8B /* ShellScript */ = {
			isa = PBXShellScriptBuildPhase;
			buildActionMask = 2147483647;
			files = (
			);
			inputPaths = (
			);
			outputPaths = (
			);
			runOnlyForDeploymentPostprocessing = 0;
			shellPath = /bin/sh;
			shellScript = "# Run the unit tests in this test bundle.\n\"${SYSTEM_DEVELOPER_DIR}/Tools/RunUnitTests\"\n";
		};
/* End PBXShellScriptBuildPhase section */

/* Begin PBXSourcesBuildPhase section */
		C317700816366C76006A0F8B /* Sources */ = {
			isa = PBXSourcesBuildPhase;
			buildActionMask = 2147483647;
			files = (
				C317701D16366C76006A0F8B /* main.m in Sources */,
				C317702116366C76006A0F8B /* AppDelegate.m in Sources */,
				C317705016367093006A0F8B /* Wunderlist.xcdatamodeld in Sources */,
				C317705B16367D74006A0F8B /* WunderlistCoreData.m in Sources */,
				C3177061163687EC006A0F8B /* UserManager.m in Sources */,
				C3C3165A163EC5B4005F4572 /* ToDoManager.m in Sources */,
				C33261AD164FF3C100A718C3 /* ToDo.m in Sources */,
				C3CF3FF71653DF3700D998B8 /* User.m in Sources */,
				C3CF400D1653E48000D998B8 /* BaseTableViewController.m in Sources */,
				C3CF40101653E4AB00D998B8 /* BaseNavigationController.m in Sources */,
				C3CF40131653E4C600D998B8 /* SpinnerView.m in Sources */,
				C3CF40161653E4E400D998B8 /* LoginViewController.m in Sources */,
				C3CF401A1653E5CC00D998B8 /* TabBarViewController.m in Sources */,
				C3A55FD5165D3EFC00C58905 /* DetailTableViewCell.m in Sources */,
				C3A55FD6165D3EFC00C58905 /* DetailTableViewController.m in Sources */,
				C3A55FD7165D3EFC00C58905 /* DueDateTableViewController.m in Sources */,
				C3A55FD8165D3EFC00C58905 /* EditTextTableViewController.m in Sources */,
				C3A55FD9165D3EFC00C58905 /* ListTableViewCell.m in Sources */,
				C3A55FDA165D3EFC00C58905 /* ListTableViewController.m in Sources */,
				C3A55FDB165D3EFC00C58905 /* ListsTableViewCell.m in Sources */,
				C3A55FDC165D3EFC00C58905 /* ListsTableViewController.m in Sources */,
				C3A55FDD165D3EFC00C58905 /* SettingsTableViewController.m in Sources */,
			);
			runOnlyForDeploymentPostprocessing = 0;
		};
		C317702816366C76006A0F8B /* Sources */ = {
			isa = PBXSourcesBuildPhase;
			buildActionMask = 2147483647;
			files = (
				C317703C16366C76006A0F8B /* WunderlistTests.m in Sources */,
			);
			runOnlyForDeploymentPostprocessing = 0;
		};
/* End PBXSourcesBuildPhase section */

/* Begin PBXTargetDependency section */
		C317703316366C76006A0F8B /* PBXTargetDependency */ = {
			isa = PBXTargetDependency;
			target = C317700B16366C76006A0F8B /* Wunderlist */;
			targetProxy = C317703216366C76006A0F8B /* PBXContainerItemProxy */;
		};
/* End PBXTargetDependency section */

/* Begin PBXVariantGroup section */
		C317701916366C76006A0F8B /* InfoPlist.strings */ = {
			isa = PBXVariantGroup;
			children = (
				C317701A16366C76006A0F8B /* en */,
			);
			name = InfoPlist.strings;
			sourceTree = "<group>";
		};
		C317703716366C76006A0F8B /* InfoPlist.strings */ = {
			isa = PBXVariantGroup;
			children = (
				C317703816366C76006A0F8B /* en */,
			);
			name = InfoPlist.strings;
			sourceTree = "<group>";
		};
/* End PBXVariantGroup section */

/* Begin XCBuildConfiguration section */
		C317703D16366C76006A0F8B /* Debug */ = {
			isa = XCBuildConfiguration;
			buildSettings = {
				ALWAYS_SEARCH_USER_PATHS = NO;
				CLANG_CXX_LANGUAGE_STANDARD = "gnu++0x";
				CLANG_CXX_LIBRARY = "libc++";
				CLANG_WARN_EMPTY_BODY = YES;
				CLANG_WARN__DUPLICATE_METHOD_MATCH = YES;
				"CODE_SIGN_IDENTITY[sdk=iphoneos*]" = "iPhone Developer";
				COPY_PHASE_STRIP = NO;
				GCC_C_LANGUAGE_STANDARD = gnu99;
				GCC_DYNAMIC_NO_PIC = NO;
				GCC_OPTIMIZATION_LEVEL = 0;
				GCC_PREPROCESSOR_DEFINITIONS = (
					"DEBUG=1",
					"$(inherited)",
				);
				GCC_SYMBOLS_PRIVATE_EXTERN = NO;
				GCC_WARN_ABOUT_RETURN_TYPE = YES;
				GCC_WARN_UNINITIALIZED_AUTOS = YES;
				GCC_WARN_UNUSED_VARIABLE = YES;
				IPHONEOS_DEPLOYMENT_TARGET = 6.0;
				ONLY_ACTIVE_ARCH = YES;
				SDKROOT = iphoneos;
				TARGETED_DEVICE_FAMILY = "1,2";
			};
			name = Debug;
		};
		C317703E16366C76006A0F8B /* Release */ = {
			isa = XCBuildConfiguration;
			buildSettings = {
				ALWAYS_SEARCH_USER_PATHS = NO;
				CLANG_CXX_LANGUAGE_STANDARD = "gnu++0x";
				CLANG_CXX_LIBRARY = "libc++";
				CLANG_WARN_EMPTY_BODY = YES;
				CLANG_WARN__DUPLICATE_METHOD_MATCH = YES;
				"CODE_SIGN_IDENTITY[sdk=iphoneos*]" = "iPhone Developer";
				COPY_PHASE_STRIP = YES;
				GCC_C_LANGUAGE_STANDARD = gnu99;
				GCC_WARN_ABOUT_RETURN_TYPE = YES;
				GCC_WARN_UNINITIALIZED_AUTOS = YES;
				GCC_WARN_UNUSED_VARIABLE = YES;
				IPHONEOS_DEPLOYMENT_TARGET = 6.0;
				OTHER_CFLAGS = "-DNS_BLOCK_ASSERTIONS=1";
				SDKROOT = iphoneos;
				TARGETED_DEVICE_FAMILY = "1,2";
				VALIDATE_PRODUCT = YES;
			};
			name = Release;
		};
		C317704016366C76006A0F8B /* Debug */ = {
			isa = XCBuildConfiguration;
			buildSettings = {
				CLANG_ENABLE_OBJC_ARC = NO;
				GCC_PRECOMPILE_PREFIX_HEADER = YES;
				GCC_PREFIX_HEADER = "Wunderlist/Wunderlist-Prefix.pch";
				INFOPLIST_FILE = "Wunderlist/Wunderlist-Info.plist";
				PRODUCT_NAME = "$(TARGET_NAME)";
				WRAPPER_EXTENSION = app;
			};
			name = Debug;
		};
		C317704116366C76006A0F8B /* Release */ = {
			isa = XCBuildConfiguration;
			buildSettings = {
				CLANG_ENABLE_OBJC_ARC = NO;
				GCC_PRECOMPILE_PREFIX_HEADER = YES;
				GCC_PREFIX_HEADER = "Wunderlist/Wunderlist-Prefix.pch";
				INFOPLIST_FILE = "Wunderlist/Wunderlist-Info.plist";
				PRODUCT_NAME = "$(TARGET_NAME)";
				WRAPPER_EXTENSION = app;
			};
			name = Release;
		};
		C317704316366C76006A0F8B /* Debug */ = {
			isa = XCBuildConfiguration;
			buildSettings = {
				BUNDLE_LOADER = "$(BUILT_PRODUCTS_DIR)/Wunderlist.app/Wunderlist";
				FRAMEWORK_SEARCH_PATHS = (
					"\"$(SDKROOT)/Developer/Library/Frameworks\"",
					"\"$(DEVELOPER_LIBRARY_DIR)/Frameworks\"",
				);
				GCC_PRECOMPILE_PREFIX_HEADER = YES;
				GCC_PREFIX_HEADER = "Wunderlist/Wunderlist-Prefix.pch";
				INFOPLIST_FILE = "WunderlistTests/WunderlistTests-Info.plist";
				PRODUCT_NAME = "$(TARGET_NAME)";
				TEST_HOST = "$(BUNDLE_LOADER)";
				WRAPPER_EXTENSION = octest;
			};
			name = Debug;
		};
		C317704416366C76006A0F8B /* Release */ = {
			isa = XCBuildConfiguration;
			buildSettings = {
				BUNDLE_LOADER = "$(BUILT_PRODUCTS_DIR)/Wunderlist.app/Wunderlist";
				FRAMEWORK_SEARCH_PATHS = (
					"\"$(SDKROOT)/Developer/Library/Frameworks\"",
					"\"$(DEVELOPER_LIBRARY_DIR)/Frameworks\"",
				);
				GCC_PRECOMPILE_PREFIX_HEADER = YES;
				GCC_PREFIX_HEADER = "Wunderlist/Wunderlist-Prefix.pch";
				INFOPLIST_FILE = "WunderlistTests/WunderlistTests-Info.plist";
				PRODUCT_NAME = "$(TARGET_NAME)";
				TEST_HOST = "$(BUNDLE_LOADER)";
				WRAPPER_EXTENSION = octest;
			};
			name = Release;
		};
/* End XCBuildConfiguration section */

/* Begin XCConfigurationList section */
		C317700616366C76006A0F8B /* Build configuration list for PBXProject "Wunderlist" */ = {
			isa = XCConfigurationList;
			buildConfigurations = (
				C317703D16366C76006A0F8B /* Debug */,
				C317703E16366C76006A0F8B /* Release */,
			);
			defaultConfigurationIsVisible = 0;
			defaultConfigurationName = Release;
		};
		C317703F16366C76006A0F8B /* Build configuration list for PBXNativeTarget "Wunderlist" */ = {
			isa = XCConfigurationList;
			buildConfigurations = (
				C317704016366C76006A0F8B /* Debug */,
				C317704116366C76006A0F8B /* Release */,
			);
			defaultConfigurationIsVisible = 0;
			defaultConfigurationName = Release;
		};
		C317704216366C76006A0F8B /* Build configuration list for PBXNativeTarget "WunderlistTests" */ = {
			isa = XCConfigurationList;
			buildConfigurations = (
				C317704316366C76006A0F8B /* Debug */,
				C317704416366C76006A0F8B /* Release */,
			);
			defaultConfigurationIsVisible = 0;
			defaultConfigurationName = Release;
		};
/* End XCConfigurationList section */

/* Begin XCVersionGroup section */
		C317704E16367093006A0F8B /* Wunderlist.xcdatamodeld */ = {
			isa = XCVersionGroup;
			children = (
				C317704F16367093006A0F8B /* Wunderlist.xcdatamodel */,
			);
			currentVersion = C317704F16367093006A0F8B /* Wunderlist.xcdatamodel */;
			name = Wunderlist.xcdatamodeld;
			path = Model/CoreData/Wunderlist.xcdatamodeld;
			sourceTree = "<group>";
			versionGroupType = wrapper.xcdatamodel;
		};
/* End XCVersionGroup section */
	};
	rootObject = C317700316366C76006A0F8B /* Project object */;
}
